
Microsoft Visual Studio Solution File, Format Version 11.00
# Visual Studio 2010
Project("{FAE04EC0-301F-11D3-BF4B-00C04F79EFBC}") = "UnityEngine.UI", "UnityEngine.UI.csproj", "{02ae67bb-aaa6-8bb3-ecc1-8c3f436aa047}"
EndProject
Project("{FAE04EC0-301F-11D3-BF4B-00C04F79EFBC}") = "Unity.RenderPipelines.Core.Runtime", "Unity.RenderPipelines.Core.Runtime.csproj", "{d3c21865-59ff-0577-ea60-dac46bfcbeb9}"
EndProject
Project("{FAE04EC0-301F-11D3-BF4B-00C04F79EFBC}") = "UnityEngine.TestRunner", "UnityEngine.TestRunner.csproj", "{2f4e11fb-4fda-28b2-d2f6-59591d595f11}"
EndProject
Project("{FAE04EC0-301F-11D3-BF4B-00C04F79EFBC}") = "Unity.VisualScripting.Flow", "Unity.VisualScripting.Flow.csproj", "{38e91cee-4df8-63a7-107e-1f4b23b9beec}"
EndProject
Project("{FAE04EC0-301F-11D3-BF4B-00C04F79EFBC}") = "Unity.Mathematics", "Unity.Mathematics.csproj", "{3dc9e274-cb39-9acc-b9b3-caf09cd6e6aa}"
EndProject
Project("{FAE04EC0-301F-11D3-BF4B-00C04F79EFBC}") = "Unity.InputSystem", "Unity.InputSystem.csproj", "{55197d1a-7556-b5e4-94c8-2965213f8b2b}"
EndProject
Project("{FAE04EC0-301F-11D3-BF4B-00C04F79EFBC}") = "Unity.VisualScripting.State", "Unity.VisualScripting.State.csproj", "{5bb8003a-6ee4-d7e1-e5c6-73b7adc3c90d}"
EndProject
Project("{FAE04EC0-301F-11D3-BF4B-00C04F79EFBC}") = "Unity.VisualScripting.Core", "Unity.VisualScripting.Core.csproj", "{ce8fe78f-420a-5b8e-0c1a-77380f78fa62}"
EndProject
Project("{FAE04EC0-301F-11D3-BF4B-00C04F79EFBC}") = "Unity.RenderPipelines.Universal.Runtime", "Unity.RenderPipelines.Universal.Runtime.csproj", "{1300106e-988e-92c4-d23c-127cac77c8a9}"
EndProject
Project("{FAE04EC0-301F-11D3-BF4B-00C04F79EFBC}") = "Assembly-CSharp", "Assembly-CSharp.csproj", "{73b56b3b-51d5-fa65-5ad3-f690077d8c4c}"
EndProject
Project("{FAE04EC0-301F-11D3-BF4B-00C04F79EFBC}") = "Unity.Burst", "Unity.Burst.csproj", "{b85960fd-f045-a63c-05a4-9f907e940c75}"
EndProject
Project("{FAE04EC0-301F-11D3-BF4B-00C04F79EFBC}") = "Unity.TextMeshPro", "Unity.TextMeshPro.csproj", "{fc2f4156-8530-7ecb-baab-f10f655a19f6}"
EndProject
Project("{FAE04EC0-301F-11D3-BF4B-00C04F79EFBC}") = "Cinemachine", "Cinemachine.csproj", "{96877838-5609-b03b-c13c-82c229aecfe6}"
EndProject
Project("{FAE04EC0-301F-11D3-BF4B-00C04F79EFBC}") = "Unity.Timeline", "Unity.Timeline.csproj", "{5f4304ea-1c2e-db81-6100-14a85104c990}"
EndProject
Project("{FAE04EC0-301F-11D3-BF4B-00C04F79EFBC}") = "Unity.RenderPipeline.Universal.ShaderLibrary", "Unity.RenderPipeline.Universal.ShaderLibrary.csproj", "{27a41b5c-ad76-2fcf-dfaa-059da93c89aa}"
EndProject
Project("{FAE04EC0-301F-11D3-BF4B-00C04F79EFBC}") = "Unity.Recorder", "Unity.Recorder.csproj", "{1c079585-f8ef-8306-71d2-2b8b7f462570}"
EndProject
Project("{FAE04EC0-301F-11D3-BF4B-00C04F79EFBC}") = "Unity.RenderPipelines.Core.ShaderLibrary", "Unity.RenderPipelines.Core.ShaderLibrary.csproj", "{e6631efc-769f-92ad-2dd0-b34b5ee81846}"
EndProject
Project("{FAE04EC0-301F-11D3-BF4B-00C04F79EFBC}") = "Unity.Recorder.Base", "Unity.Recorder.Base.csproj", "{e81875ee-9bd8-a3ca-9577-b97ff7a68564}"
EndProject
Project("{FAE04EC0-301F-11D3-BF4B-00C04F79EFBC}") = "Unity.RenderPipelines.Universal.Shaders", "Unity.RenderPipelines.Universal.Shaders.csproj", "{a366143a-3efe-da55-7b6d-ccd1e4c690da}"
EndProject
Project("{FAE04EC0-301F-11D3-BF4B-00C04F79EFBC}") = "Unity.RenderPipelines.ShaderGraph.ShaderGraphLibrary", "Unity.RenderPipelines.ShaderGraph.ShaderGraphLibrary.csproj", "{1c76ab87-d562-c66e-de30-f613da516efd}"
EndProject
Project("{FAE04EC0-301F-11D3-BF4B-00C04F79EFBC}") = "Unity.PlasticSCM.Editor", "Unity.PlasticSCM.Editor.csproj", "{51eb3514-4adf-84de-d7bf-d5f1449b6cfd}"
EndProject
Project("{FAE04EC0-301F-11D3-BF4B-00C04F79EFBC}") = "Unity.VisualScripting.Core.Editor", "Unity.VisualScripting.Core.Editor.csproj", "{5b0300a8-159d-153b-ae0b-2bcac6ef4a09}"
EndProject
Project("{FAE04EC0-301F-11D3-BF4B-00C04F79EFBC}") = "Unity.VisualScripting.Flow.Editor", "Unity.VisualScripting.Flow.Editor.csproj", "{91b7df42-1a03-0644-3815-f35ac6aeef22}"
EndProject
Project("{FAE04EC0-301F-11D3-BF4B-00C04F79EFBC}") = "Unity.ShaderGraph.Editor", "Unity.ShaderGraph.Editor.csproj", "{3c1186eb-c2ee-66f8-7a89-bbc1c2b03cb7}"
EndProject
Project("{FAE04EC0-301F-11D3-BF4B-00C04F79EFBC}") = "Unity.VisualStudio.Editor", "Unity.VisualStudio.Editor.csproj", "{743bbdf0-4372-dd5b-801f-d68affde4fd3}"
EndProject
Project("{FAE04EC0-301F-11D3-BF4B-00C04F79EFBC}") = "Unity.Timeline.Editor", "Unity.Timeline.Editor.csproj", "{2b0ad599-4ecb-5506-04ce-223b7929c2e2}"
EndProject
Project("{FAE04EC0-301F-11D3-BF4B-00C04F79EFBC}") = "Unity.Recorder.Editor", "Unity.Recorder.Editor.csproj", "{60510b71-1021-ebb6-171c-b510471d8566}"
EndProject
Project("{FAE04EC0-301F-11D3-BF4B-00C04F79EFBC}") = "Unity.RenderPipelines.Universal.Editor", "Unity.RenderPipelines.Universal.Editor.csproj", "{ff28fea3-66c6-67e8-41ca-51b9094364f7}"
EndProject
Project("{FAE04EC0-301F-11D3-BF4B-00C04F79EFBC}") = "com.unity.cinemachine.editor", "com.unity.cinemachine.editor.csproj", "{56fcaed2-6c77-cf63-9068-147e6aefd5e5}"
EndProject
Project("{FAE04EC0-301F-11D3-BF4B-00C04F79EFBC}") = "Unity.VisualScripting.State.Editor", "Unity.VisualScripting.State.Editor.csproj", "{7840c13a-f005-8230-6c11-2b8c251af17a}"
EndProject
Project("{FAE04EC0-301F-11D3-BF4B-00C04F79EFBC}") = "Unity.TextMeshPro.Editor", "Unity.TextMeshPro.Editor.csproj", "{b70c103b-944a-5436-adfe-f60428b73efa}"
EndProject
Project("{FAE04EC0-301F-11D3-BF4B-00C04F79EFBC}") = "Unity.RenderPipelines.Core.Editor", "Unity.RenderPipelines.Core.Editor.csproj", "{9cb82211-74f5-8558-7ba0-e8826e1c5ca3}"
EndProject
Project("{FAE04EC0-301F-11D3-BF4B-00C04F79EFBC}") = "Unity.VisualScripting.SettingsProvider.Editor", "Unity.VisualScripting.SettingsProvider.Editor.csproj", "{9cf98d78-d960-9a94-35ba-80be67a48c2e}"
EndProject
Project("{FAE04EC0-301F-11D3-BF4B-00C04F79EFBC}") = "Unity.CollabProxy.Editor", "Unity.CollabProxy.Editor.csproj", "{5685407c-8067-d71f-1371-cc89204ea8e2}"
EndProject
Project("{FAE04EC0-301F-11D3-BF4B-00C04F79EFBC}") = "Assembly-CSharp-Editor", "Assembly-CSharp-Editor.csproj", "{3c6e9769-a112-09a3-0cf6-82cfd131f106}"
EndProject
Project("{FAE04EC0-301F-11D3-BF4B-00C04F79EFBC}") = "UnityEditor.TestRunner", "UnityEditor.TestRunner.csproj", "{c6638e63-01d0-df6a-57e3-fbc5a405e1fc}"
EndProject
Project("{FAE04EC0-301F-11D3-BF4B-00C04F79EFBC}") = "Unity.Rider.Editor", "Unity.Rider.Editor.csproj", "{ab2f7b09-8349-aeb9-38d4-4ee4d866de1f}"
EndProject
Project("{FAE04EC0-301F-11D3-BF4B-00C04F79EFBC}") = "Unity.Services.Core.Editor", "Unity.Services.Core.Editor.csproj", "{ab76592e-e8e0-2311-7bf2-37a7a84158f9}"
EndProject
Project("{FAE04EC0-301F-11D3-BF4B-00C04F79EFBC}") = "Unity.Searcher.Editor", "Unity.Searcher.Editor.csproj", "{a3f776de-b3b6-d941-4bd9-92ebf38733d3}"
EndProject
Project("{FAE04EC0-301F-11D3-BF4B-00C04F79EFBC}") = "Unity.Burst.CodeGen", "Unity.Burst.CodeGen.csproj", "{c388a449-26b1-15bd-6274-94efd1a91e5a}"
EndProject
Project("{FAE04EC0-301F-11D3-BF4B-00C04F79EFBC}") = "Unity.VSCode.Editor", "Unity.VSCode.Editor.csproj", "{d8e8193a-1cf0-a950-fdc1-71e31dbe761d}"
EndProject
Project("{FAE04EC0-301F-11D3-BF4B-00C04F79EFBC}") = "UnityEditor.UI", "UnityEditor.UI.csproj", "{32ed49b9-5bd7-90b9-8b27-1df06c59d54c}"
EndProject
Project("{FAE04EC0-301F-11D3-BF4B-00C04F79EFBC}") = "PPv2URPConverters", "PPv2URPConverters.csproj", "{539f4388-f579-c5e4-e9ac-dbb1dd029152}"
EndProject
Project("{FAE04EC0-301F-11D3-BF4B-00C04F79EFBC}") = "Unity.Mathematics.Editor", "Unity.Mathematics.Editor.csproj", "{df34da07-d48e-425b-d9dc-5547c8a21e61}"
EndProject
Project("{FAE04EC0-301F-11D3-BF4B-00C04F79EFBC}") = "Unity.Burst.Editor", "Unity.Burst.Editor.csproj", "{4e3a7357-838b-e4a1-7242-37ab69cd0506}"
EndProject
Project("{FAE04EC0-301F-11D3-BF4B-00C04F79EFBC}") = "Unity.ShaderGraph.Utilities", "Unity.ShaderGraph.Utilities.csproj", "{5fed033a-a3e7-208a-fc5e-83965a2752c6}"
EndProject
Project("{FAE04EC0-301F-11D3-BF4B-00C04F79EFBC}") = "Unity.VisualScripting.Shared.Editor", "Unity.VisualScripting.Shared.Editor.csproj", "{b5100770-e1a8-8933-a69f-a0e86bfb90de}"
EndProject
Project("{FAE04EC0-301F-11D3-BF4B-00C04F79EFBC}") = "UnityEngine.UI", "UnityEngine.UI.Player.csproj", "{a4ebbe29-5494-d2a5-ba38-878d674e7711}"
EndProject
Project("{FAE04EC0-301F-11D3-BF4B-00C04F79EFBC}") = "Unity.RenderPipelines.Core.Runtime", "Unity.RenderPipelines.Core.Runtime.Player.csproj", "{d1052685-5689-edd4-5fb0-711a7dffd238}"
EndProject
Project("{FAE04EC0-301F-11D3-BF4B-00C04F79EFBC}") = "UnityEngine.TestRunner", "UnityEngine.TestRunner.Player.csproj", "{451632fc-1050-8d42-a828-fd5453232c32}"
EndProject
Project("{FAE04EC0-301F-11D3-BF4B-00C04F79EFBC}") = "Unity.VisualScripting.Flow", "Unity.VisualScripting.Flow.Player.csproj", "{3303d207-3ea7-9e95-e7b2-ded6d702867b}"
EndProject
Project("{FAE04EC0-301F-11D3-BF4B-00C04F79EFBC}") = "Unity.Mathematics", "Unity.Mathematics.Player.csproj", "{f6bc9f14-17a4-d383-12e8-620fe065b518}"
EndProject
Project("{FAE04EC0-301F-11D3-BF4B-00C04F79EFBC}") = "Unity.InputSystem", "Unity.InputSystem.Player.csproj", "{44ceef87-84f2-b0dc-7787-1723d35f8e9e}"
EndProject
Project("{FAE04EC0-301F-11D3-BF4B-00C04F79EFBC}") = "Unity.VisualScripting.State", "Unity.VisualScripting.State.Player.csproj", "{01f5b487-73e2-89de-5230-5c79deb5a1f6}"
EndProject
Project("{FAE04EC0-301F-11D3-BF4B-00C04F79EFBC}") = "Unity.VisualScripting.Core", "Unity.VisualScripting.Core.Player.csproj", "{33ea5e99-0e86-da40-152e-eb48b152ded1}"
EndProject
Project("{FAE04EC0-301F-11D3-BF4B-00C04F79EFBC}") = "Unity.RenderPipelines.Universal.Runtime", "Unity.RenderPipelines.Universal.Runtime.Player.csproj", "{42a8f25f-696f-af62-9c63-cd4944c842cb}"
EndProject
Project("{FAE04EC0-301F-11D3-BF4B-00C04F79EFBC}") = "Assembly-CSharp", "Assembly-CSharp.Player.csproj", "{4af746b5-a968-0625-4c50-8ad236daa1c6}"
EndProject
Project("{FAE04EC0-301F-11D3-BF4B-00C04F79EFBC}") = "Unity.Burst", "Unity.Burst.Player.csproj", "{6d94261c-8481-6916-04b8-0918f96fa84f}"
EndProject
Project("{FAE04EC0-301F-11D3-BF4B-00C04F79EFBC}") = "Unity.TextMeshPro", "Unity.TextMeshPro.Player.csproj", "{553b3564-9930-48d3-78e5-f6260c13be1d}"
EndProject
Project("{FAE04EC0-301F-11D3-BF4B-00C04F79EFBC}") = "Cinemachine", "Cinemachine.Player.csproj", "{5bbe7683-10ce-ceb0-03f0-d15bb30e9406}"
EndProject
Project("{FAE04EC0-301F-11D3-BF4B-00C04F79EFBC}") = "Unity.Timeline", "Unity.Timeline.Player.csproj", "{f23c6572-d4c0-8d17-7550-e32d7b534344}"
EndProject
Project("{FAE04EC0-301F-11D3-BF4B-00C04F79EFBC}") = "Unity.RenderPipeline.Universal.ShaderLibrary", "Unity.RenderPipeline.Universal.ShaderLibrary.Player.csproj", "{27e944ba-c9d6-0678-a434-b4a3503c8b58}"
EndProject
Project("{FAE04EC0-301F-11D3-BF4B-00C04F79EFBC}") = "Unity.Recorder", "Unity.Recorder.Player.csproj", "{683ba4d1-940b-8c58-f1c5-230b245cbd56}"
EndProject
Project("{FAE04EC0-301F-11D3-BF4B-00C04F79EFBC}") = "Unity.RenderPipelines.Core.ShaderLibrary", "Unity.RenderPipelines.Core.ShaderLibrary.Player.csproj", "{7b774891-b1a3-736b-65a7-1748edcacb13}"
EndProject
Project("{FAE04EC0-301F-11D3-BF4B-00C04F79EFBC}") = "Unity.Recorder.Base", "Unity.Recorder.Base.Player.csproj", "{14625de6-68a4-1590-47d6-b9a02a2665c9}"
EndProject
Project("{FAE04EC0-301F-11D3-BF4B-00C04F79EFBC}") = "Unity.RenderPipelines.Universal.Shaders", "Unity.RenderPipelines.Universal.Shaders.Player.csproj", "{5b764a69-b03d-e413-0e86-bdad29ffdb8f}"
EndProject
Project("{FAE04EC0-301F-11D3-BF4B-00C04F79EFBC}") = "Unity.RenderPipelines.ShaderGraph.ShaderGraphLibrary", "Unity.RenderPipelines.ShaderGraph.ShaderGraphLibrary.Player.csproj", "{5c62a173-1fca-37b2-1c7a-1b727b8a98d4}"
EndProject
Project("{FAE04EC0-301F-11D3-BF4B-00C04F79EFBC}") = "Unity.Mathematics.Tests", "Unity.Mathematics.Tests.Player.csproj", "{71c3e263-292c-d7a9-889c-6adfc97d1c8a}"
EndProject
Project("{FAE04EC0-301F-11D3-BF4B-00C04F79EFBC}") = "Unity.Burst.Tests.UnitTests", "Unity.Burst.Tests.UnitTests.Player.csproj", "{17f68801-2071-5922-34a5-299a5eb0aaf5}"
EndProject
Project("{FAE04EC0-301F-11D3-BF4B-00C04F79EFBC}") = "Unity.PlasticSCM.EditorTests", "Unity.PlasticSCM.EditorTests.Player.csproj", "{b5082295-ecef-9278-c79f-07d2cc95f1bb}"
EndProject
Project("{FAE04EC0-301F-11D3-BF4B-00C04F79EFBC}") = "Unity.Searcher.EditorTests", "Unity.Searcher.EditorTests.Player.csproj", "{2a49e8a1-68e1-d4f1-4b47-74d16a6a182f}"
EndProject
Project("{FAE04EC0-301F-11D3-BF4B-00C04F79EFBC}") = "Unity.Burst.Editor.Tests", "Unity.Burst.Editor.Tests.Player.csproj", "{b66bc01d-8532-5b3c-eecd-e6ad80b5cc35}"
EndProject
Project("{FAE04EC0-301F-11D3-BF4B-00C04F79EFBC}") = "Unity.TextMeshPro.Editor.Tests", "Unity.TextMeshPro.Editor.Tests.Player.csproj", "{69abcd43-c828-4d1f-d78a-d135a3a49069}"
EndProject
Project("{FAE04EC0-301F-11D3-BF4B-00C04F79EFBC}") = "DocCodeExamples", "DocCodeExamples.Player.csproj", "{6f2251bf-4ca6-584d-c654-6404ebb1cced}"
EndProject
Project("{FAE04EC0-301F-11D3-BF4B-00C04F79EFBC}") = "com.unity.cinemachine.EditorTests", "com.unity.cinemachine.EditorTests.Player.csproj", "{8ea1c39f-06bb-7834-3de7-2f5ff46bcd19}"
EndProject
Project("{FAE04EC0-301F-11D3-BF4B-00C04F79EFBC}") = "Unity.RenderPipelines.Universal.Editor.Tests", "Unity.RenderPipelines.Universal.Editor.Tests.Player.csproj", "{310fdfbb-4208-aef4-72f4-8122c7aeefb5}"
EndProject
Project("{FAE04EC0-301F-11D3-BF4B-00C04F79EFBC}") = "Unity.CollabProxy.EditorTests", "Unity.CollabProxy.EditorTests.Player.csproj", "{171a50c3-2118-cd10-0b6e-efb836eeec65}"
EndProject
Project("{FAE04EC0-301F-11D3-BF4B-00C04F79EFBC}") = "UnityEngine.UI.Tests", "UnityEngine.UI.Tests.Player.csproj", "{042469a1-e374-6f96-5bd6-906b9900ab46}"
EndProject
Project("{FAE04EC0-301F-11D3-BF4B-00C04F79EFBC}") = "Unity.InputSystem.IntegrationTests", "Unity.InputSystem.IntegrationTests.Player.csproj", "{37a26895-8ce1-dded-edfb-e2eb20c4ba7a}"
EndProject
Project("{FAE04EC0-301F-11D3-BF4B-00C04F79EFBC}") = "Unity.Nuget.NewtonsoftJson.EditorTests", "Unity.Nuget.NewtonsoftJson.EditorTests.Player.csproj", "{01bfa023-b085-5b5a-4b7a-d21d1d55e277}"
EndProject
Project("{FAE04EC0-301F-11D3-BF4B-00C04F79EFBC}") = "com.unity.cinemachine.Tests", "com.unity.cinemachine.Tests.Player.csproj", "{521b121a-70fd-b3ea-1bd3-caf41656b432}"
EndProject
Project("{FAE04EC0-301F-11D3-BF4B-00C04F79EFBC}") = "Unity.TextMeshPro.Tests", "Unity.TextMeshPro.Tests.Player.csproj", "{8ba7ae83-a7b8-a4cc-f3a2-2d97288efcfe}"
EndProject
Project("{FAE04EC0-301F-11D3-BF4B-00C04F79EFBC}") = "SeparateAssembly", "SeparateAssembly.Player.csproj", "{e072a8ed-17cf-855a-55af-3aba95a4a2bc}"
EndProject
Project("{FAE04EC0-301F-11D3-BF4B-00C04F79EFBC}") = "UnityEditor.UI.EditorTests", "UnityEditor.UI.EditorTests.Player.csproj", "{cf940587-601d-e5c4-d59a-9ce78c251319}"
EndProject
Project("{FAE04EC0-301F-11D3-BF4B-00C04F79EFBC}") = "Unity.RenderPipelines.Universal.Runtime.Tests", "Unity.RenderPipelines.Universal.Runtime.Tests.Player.csproj", "{61ffde69-c6f1-00e7-bafb-dd15bc6e03ca}"
EndProject
Project("{FAE04EC0-301F-11D3-BF4B-00C04F79EFBC}") = "Unity.InputSystem.TestFramework", "Unity.InputSystem.TestFramework.Player.csproj", "{a34fe99f-819a-1a7c-b2cc-33fb643f44f4}"
EndProject
Project("{FAE04EC0-301F-11D3-BF4B-00C04F79EFBC}") = "Unity.RenderPipelines.Core.Editor.Tests", "Unity.RenderPipelines.Core.Editor.Tests.Player.csproj", "{acf5bed9-2235-2fae-eac3-f488a8950873}"
EndProject
Project("{FAE04EC0-301F-11D3-BF4B-00C04F79EFBC}") = "Unity.RenderPipelines.Core.Runtime.Tests", "Unity.RenderPipelines.Core.Runtime.Tests.Player.csproj", "{93c2574c-9586-400e-542e-33db3c070da1}"
EndProject
Project("{FAE04EC0-301F-11D3-BF4B-00C04F79EFBC}") = "Unity.ShaderGraph.Editor.Tests", "Unity.ShaderGraph.Editor.Tests.Player.csproj", "{9ae6c057-70c9-eed8-d4ff-b35bc1b04e73}"
EndProject
Global
	GlobalSection(SolutionConfigurationPlatforms) = preSolution
		Debug|Any CPU = Debug|Any CPU
	EndGlobalSection
	GlobalSection(ProjectConfigurationPlatforms) = postSolution
		{02ae67bb-aaa6-8bb3-ecc1-8c3f436aa047}.Debug|Any CPU.ActiveCfg = Debug|Any CPU
		{02ae67bb-aaa6-8bb3-ecc1-8c3f436aa047}.Debug|Any CPU.Build.0 = Debug|Any CPU
		{d3c21865-59ff-0577-ea60-dac46bfcbeb9}.Debug|Any CPU.ActiveCfg = Debug|Any CPU
		{d3c21865-59ff-0577-ea60-dac46bfcbeb9}.Debug|Any CPU.Build.0 = Debug|Any CPU
		{2f4e11fb-4fda-28b2-d2f6-59591d595f11}.Debug|Any CPU.ActiveCfg = Debug|Any CPU
		{2f4e11fb-4fda-28b2-d2f6-59591d595f11}.Debug|Any CPU.Build.0 = Debug|Any CPU
		{38e91cee-4df8-63a7-107e-1f4b23b9beec}.Debug|Any CPU.ActiveCfg = Debug|Any CPU
		{38e91cee-4df8-63a7-107e-1f4b23b9beec}.Debug|Any CPU.Build.0 = Debug|Any CPU
		{3dc9e274-cb39-9acc-b9b3-caf09cd6e6aa}.Debug|Any CPU.ActiveCfg = Debug|Any CPU
		{3dc9e274-cb39-9acc-b9b3-caf09cd6e6aa}.Debug|Any CPU.Build.0 = Debug|Any CPU
		{55197d1a-7556-b5e4-94c8-2965213f8b2b}.Debug|Any CPU.ActiveCfg = Debug|Any CPU
		{55197d1a-7556-b5e4-94c8-2965213f8b2b}.Debug|Any CPU.Build.0 = Debug|Any CPU
		{5bb8003a-6ee4-d7e1-e5c6-73b7adc3c90d}.Debug|Any CPU.ActiveCfg = Debug|Any CPU
		{5bb8003a-6ee4-d7e1-e5c6-73b7adc3c90d}.Debug|Any CPU.Build.0 = Debug|Any CPU
		{ce8fe78f-420a-5b8e-0c1a-77380f78fa62}.Debug|Any CPU.ActiveCfg = Debug|Any CPU
		{ce8fe78f-420a-5b8e-0c1a-77380f78fa62}.Debug|Any CPU.Build.0 = Debug|Any CPU
		{1300106e-988e-92c4-d23c-127cac77c8a9}.Debug|Any CPU.ActiveCfg = Debug|Any CPU
		{1300106e-988e-92c4-d23c-127cac77c8a9}.Debug|Any CPU.Build.0 = Debug|Any CPU
		{73b56b3b-51d5-fa65-5ad3-f690077d8c4c}.Debug|Any CPU.ActiveCfg = Debug|Any CPU
		{73b56b3b-51d5-fa65-5ad3-f690077d8c4c}.Debug|Any CPU.Build.0 = Debug|Any CPU
		{b85960fd-f045-a63c-05a4-9f907e940c75}.Debug|Any CPU.ActiveCfg = Debug|Any CPU
		{b85960fd-f045-a63c-05a4-9f907e940c75}.Debug|Any CPU.Build.0 = Debug|Any CPU
		{fc2f4156-8530-7ecb-baab-f10f655a19f6}.Debug|Any CPU.ActiveCfg = Debug|Any CPU
		{fc2f4156-8530-7ecb-baab-f10f655a19f6}.Debug|Any CPU.Build.0 = Debug|Any CPU
		{96877838-5609-b03b-c13c-82c229aecfe6}.Debug|Any CPU.ActiveCfg = Debug|Any CPU
		{96877838-5609-b03b-c13c-82c229aecfe6}.Debug|Any CPU.Build.0 = Debug|Any CPU
		{5f4304ea-1c2e-db81-6100-14a85104c990}.Debug|Any CPU.ActiveCfg = Debug|Any CPU
		{5f4304ea-1c2e-db81-6100-14a85104c990}.Debug|Any CPU.Build.0 = Debug|Any CPU
		{27a41b5c-ad76-2fcf-dfaa-059da93c89aa}.Debug|Any CPU.ActiveCfg = Debug|Any CPU
		{27a41b5c-ad76-2fcf-dfaa-059da93c89aa}.Debug|Any CPU.Build.0 = Debug|Any CPU
		{1c079585-f8ef-8306-71d2-2b8b7f462570}.Debug|Any CPU.ActiveCfg = Debug|Any CPU
		{1c079585-f8ef-8306-71d2-2b8b7f462570}.Debug|Any CPU.Build.0 = Debug|Any CPU
		{e6631efc-769f-92ad-2dd0-b34b5ee81846}.Debug|Any CPU.ActiveCfg = Debug|Any CPU
		{e6631efc-769f-92ad-2dd0-b34b5ee81846}.Debug|Any CPU.Build.0 = Debug|Any CPU
		{e81875ee-9bd8-a3ca-9577-b97ff7a68564}.Debug|Any CPU.ActiveCfg = Debug|Any CPU
		{e81875ee-9bd8-a3ca-9577-b97ff7a68564}.Debug|Any CPU.Build.0 = Debug|Any CPU
		{a366143a-3efe-da55-7b6d-ccd1e4c690da}.Debug|Any CPU.ActiveCfg = Debug|Any CPU
		{a366143a-3efe-da55-7b6d-ccd1e4c690da}.Debug|Any CPU.Build.0 = Debug|Any CPU
		{1c76ab87-d562-c66e-de30-f613da516efd}.Debug|Any CPU.ActiveCfg = Debug|Any CPU
		{1c76ab87-d562-c66e-de30-f613da516efd}.Debug|Any CPU.Build.0 = Debug|Any CPU
		{51eb3514-4adf-84de-d7bf-d5f1449b6cfd}.Debug|Any CPU.ActiveCfg = Debug|Any CPU
		{51eb3514-4adf-84de-d7bf-d5f1449b6cfd}.Debug|Any CPU.Build.0 = Debug|Any CPU
		{5b0300a8-159d-153b-ae0b-2bcac6ef4a09}.Debug|Any CPU.ActiveCfg = Debug|Any CPU
		{5b0300a8-159d-153b-ae0b-2bcac6ef4a09}.Debug|Any CPU.Build.0 = Debug|Any CPU
		{91b7df42-1a03-0644-3815-f35ac6aeef22}.Debug|Any CPU.ActiveCfg = Debug|Any CPU
		{91b7df42-1a03-0644-3815-f35ac6aeef22}.Debug|Any CPU.Build.0 = Debug|Any CPU
		{3c1186eb-c2ee-66f8-7a89-bbc1c2b03cb7}.Debug|Any CPU.ActiveCfg = Debug|Any CPU
		{3c1186eb-c2ee-66f8-7a89-bbc1c2b03cb7}.Debug|Any CPU.Build.0 = Debug|Any CPU
		{743bbdf0-4372-dd5b-801f-d68affde4fd3}.Debug|Any CPU.ActiveCfg = Debug|Any CPU
		{743bbdf0-4372-dd5b-801f-d68affde4fd3}.Debug|Any CPU.Build.0 = Debug|Any CPU
		{2b0ad599-4ecb-5506-04ce-223b7929c2e2}.Debug|Any CPU.ActiveCfg = Debug|Any CPU
		{2b0ad599-4ecb-5506-04ce-223b7929c2e2}.Debug|Any CPU.Build.0 = Debug|Any CPU
		{60510b71-1021-ebb6-171c-b510471d8566}.Debug|Any CPU.ActiveCfg = Debug|Any CPU
		{60510b71-1021-ebb6-171c-b510471d8566}.Debug|Any CPU.Build.0 = Debug|Any CPU
		{ff28fea3-66c6-67e8-41ca-51b9094364f7}.Debug|Any CPU.ActiveCfg = Debug|Any CPU
		{ff28fea3-66c6-67e8-41ca-51b9094364f7}.Debug|Any CPU.Build.0 = Debug|Any CPU
		{56fcaed2-6c77-cf63-9068-147e6aefd5e5}.Debug|Any CPU.ActiveCfg = Debug|Any CPU
		{56fcaed2-6c77-cf63-9068-147e6aefd5e5}.Debug|Any CPU.Build.0 = Debug|Any CPU
		{7840c13a-f005-8230-6c11-2b8c251af17a}.Debug|Any CPU.ActiveCfg = Debug|Any CPU
		{7840c13a-f005-8230-6c11-2b8c251af17a}.Debug|Any CPU.Build.0 = Debug|Any CPU
		{b70c103b-944a-5436-adfe-f60428b73efa}.Debug|Any CPU.ActiveCfg = Debug|Any CPU
		{b70c103b-944a-5436-adfe-f60428b73efa}.Debug|Any CPU.Build.0 = Debug|Any CPU
		{9cb82211-74f5-8558-7ba0-e8826e1c5ca3}.Debug|Any CPU.ActiveCfg = Debug|Any CPU
		{9cb82211-74f5-8558-7ba0-e8826e1c5ca3}.Debug|Any CPU.Build.0 = Debug|Any CPU
		{9cf98d78-d960-9a94-35ba-80be67a48c2e}.Debug|Any CPU.ActiveCfg = Debug|Any CPU
		{9cf98d78-d960-9a94-35ba-80be67a48c2e}.Debug|Any CPU.Build.0 = Debug|Any CPU
		{5685407c-8067-d71f-1371-cc89204ea8e2}.Debug|Any CPU.ActiveCfg = Debug|Any CPU
		{5685407c-8067-d71f-1371-cc89204ea8e2}.Debug|Any CPU.Build.0 = Debug|Any CPU
		{3c6e9769-a112-09a3-0cf6-82cfd131f106}.Debug|Any CPU.ActiveCfg = Debug|Any CPU
		{3c6e9769-a112-09a3-0cf6-82cfd131f106}.Debug|Any CPU.Build.0 = Debug|Any CPU
		{c6638e63-01d0-df6a-57e3-fbc5a405e1fc}.Debug|Any CPU.ActiveCfg = Debug|Any CPU
		{c6638e63-01d0-df6a-57e3-fbc5a405e1fc}.Debug|Any CPU.Build.0 = Debug|Any CPU
		{ab2f7b09-8349-aeb9-38d4-4ee4d866de1f}.Debug|Any CPU.ActiveCfg = Debug|Any CPU
		{ab2f7b09-8349-aeb9-38d4-4ee4d866de1f}.Debug|Any CPU.Build.0 = Debug|Any CPU
		{ab76592e-e8e0-2311-7bf2-37a7a84158f9}.Debug|Any CPU.ActiveCfg = Debug|Any CPU
		{ab76592e-e8e0-2311-7bf2-37a7a84158f9}.Debug|Any CPU.Build.0 = Debug|Any CPU
		{a3f776de-b3b6-d941-4bd9-92ebf38733d3}.Debug|Any CPU.ActiveCfg = Debug|Any CPU
		{a3f776de-b3b6-d941-4bd9-92ebf38733d3}.Debug|Any CPU.Build.0 = Debug|Any CPU
		{c388a449-26b1-15bd-6274-94efd1a91e5a}.Debug|Any CPU.ActiveCfg = Debug|Any CPU
		{c388a449-26b1-15bd-6274-94efd1a91e5a}.Debug|Any CPU.Build.0 = Debug|Any CPU
		{d8e8193a-1cf0-a950-fdc1-71e31dbe761d}.Debug|Any CPU.ActiveCfg = Debug|Any CPU
		{d8e8193a-1cf0-a950-fdc1-71e31dbe761d}.Debug|Any CPU.Build.0 = Debug|Any CPU
		{32ed49b9-5bd7-90b9-8b27-1df06c59d54c}.Debug|Any CPU.ActiveCfg = Debug|Any CPU
		{32ed49b9-5bd7-90b9-8b27-1df06c59d54c}.Debug|Any CPU.Build.0 = Debug|Any CPU
		{539f4388-f579-c5e4-e9ac-dbb1dd029152}.Debug|Any CPU.ActiveCfg = Debug|Any CPU
		{539f4388-f579-c5e4-e9ac-dbb1dd029152}.Debug|Any CPU.Build.0 = Debug|Any CPU
		{df34da07-d48e-425b-d9dc-5547c8a21e61}.Debug|Any CPU.ActiveCfg = Debug|Any CPU
		{df34da07-d48e-425b-d9dc-5547c8a21e61}.Debug|Any CPU.Build.0 = Debug|Any CPU
		{4e3a7357-838b-e4a1-7242-37ab69cd0506}.Debug|Any CPU.ActiveCfg = Debug|Any CPU
		{4e3a7357-838b-e4a1-7242-37ab69cd0506}.Debug|Any CPU.Build.0 = Debug|Any CPU
		{5fed033a-a3e7-208a-fc5e-83965a2752c6}.Debug|Any CPU.ActiveCfg = Debug|Any CPU
		{5fed033a-a3e7-208a-fc5e-83965a2752c6}.Debug|Any CPU.Build.0 = Debug|Any CPU
		{b5100770-e1a8-8933-a69f-a0e86bfb90de}.Debug|Any CPU.ActiveCfg = Debug|Any CPU
		{b5100770-e1a8-8933-a69f-a0e86bfb90de}.Debug|Any CPU.Build.0 = Debug|Any CPU
		{a4ebbe29-5494-d2a5-ba38-878d674e7711}.Debug|Any CPU.ActiveCfg = Debug|Any CPU
		{a4ebbe29-5494-d2a5-ba38-878d674e7711}.Debug|Any CPU.Build.0 = Debug|Any CPU
		{d1052685-5689-edd4-5fb0-711a7dffd238}.Debug|Any CPU.ActiveCfg = Debug|Any CPU
		{d1052685-5689-edd4-5fb0-711a7dffd238}.Debug|Any CPU.Build.0 = Debug|Any CPU
		{451632fc-1050-8d42-a828-fd5453232c32}.Debug|Any CPU.ActiveCfg = Debug|Any CPU
		{451632fc-1050-8d42-a828-fd5453232c32}.Debug|Any CPU.Build.0 = Debug|Any CPU
		{3303d207-3ea7-9e95-e7b2-ded6d702867b}.Debug|Any CPU.ActiveCfg = Debug|Any CPU
		{3303d207-3ea7-9e95-e7b2-ded6d702867b}.Debug|Any CPU.Build.0 = Debug|Any CPU
		{f6bc9f14-17a4-d383-12e8-620fe065b518}.Debug|Any CPU.ActiveCfg = Debug|Any CPU
		{f6bc9f14-17a4-d383-12e8-620fe065b518}.Debug|Any CPU.Build.0 = Debug|Any CPU
		{44ceef87-84f2-b0dc-7787-1723d35f8e9e}.Debug|Any CPU.ActiveCfg = Debug|Any CPU
		{44ceef87-84f2-b0dc-7787-1723d35f8e9e}.Debug|Any CPU.Build.0 = Debug|Any CPU
		{01f5b487-73e2-89de-5230-5c79deb5a1f6}.Debug|Any CPU.ActiveCfg = Debug|Any CPU
		{01f5b487-73e2-89de-5230-5c79deb5a1f6}.Debug|Any CPU.Build.0 = Debug|Any CPU
		{33ea5e99-0e86-da40-152e-eb48b152ded1}.Debug|Any CPU.ActiveCfg = Debug|Any CPU
		{33ea5e99-0e86-da40-152e-eb48b152ded1}.Debug|Any CPU.Build.0 = Debug|Any CPU
		{42a8f25f-696f-af62-9c63-cd4944c842cb}.Debug|Any CPU.ActiveCfg = Debug|Any CPU
		{42a8f25f-696f-af62-9c63-cd4944c842cb}.Debug|Any CPU.Build.0 = Debug|Any CPU
		{4af746b5-a968-0625-4c50-8ad236daa1c6}.Debug|Any CPU.ActiveCfg = Debug|Any CPU
		{4af746b5-a968-0625-4c50-8ad236daa1c6}.Debug|Any CPU.Build.0 = Debug|Any CPU
		{6d94261c-8481-6916-04b8-0918f96fa84f}.Debug|Any CPU.ActiveCfg = Debug|Any CPU
		{6d94261c-8481-6916-04b8-0918f96fa84f}.Debug|Any CPU.Build.0 = Debug|Any CPU
		{553b3564-9930-48d3-78e5-f6260c13be1d}.Debug|Any CPU.ActiveCfg = Debug|Any CPU
		{553b3564-9930-48d3-78e5-f6260c13be1d}.Debug|Any CPU.Build.0 = Debug|Any CPU
		{5bbe7683-10ce-ceb0-03f0-d15bb30e9406}.Debug|Any CPU.ActiveCfg = Debug|Any CPU
		{5bbe7683-10ce-ceb0-03f0-d15bb30e9406}.Debug|Any CPU.Build.0 = Debug|Any CPU
		{f23c6572-d4c0-8d17-7550-e32d7b534344}.Debug|Any CPU.ActiveCfg = Debug|Any CPU
		{f23c6572-d4c0-8d17-7550-e32d7b534344}.Debug|Any CPU.Build.0 = Debug|Any CPU
		{27e944ba-c9d6-0678-a434-b4a3503c8b58}.Debug|Any CPU.ActiveCfg = Debug|Any CPU
		{27e944ba-c9d6-0678-a434-b4a3503c8b58}.Debug|Any CPU.Build.0 = Debug|Any CPU
		{683ba4d1-940b-8c58-f1c5-230b245cbd56}.Debug|Any CPU.ActiveCfg = Debug|Any CPU
		{683ba4d1-940b-8c58-f1c5-230b245cbd56}.Debug|Any CPU.Build.0 = Debug|Any CPU
		{7b774891-b1a3-736b-65a7-1748edcacb13}.Debug|Any CPU.ActiveCfg = Debug|Any CPU
		{7b774891-b1a3-736b-65a7-1748edcacb13}.Debug|Any CPU.Build.0 = Debug|Any CPU
		{14625de6-68a4-1590-47d6-b9a02a2665c9}.Debug|Any CPU.ActiveCfg = Debug|Any CPU
		{14625de6-68a4-1590-47d6-b9a02a2665c9}.Debug|Any CPU.Build.0 = Debug|Any CPU
		{5b764a69-b03d-e413-0e86-bdad29ffdb8f}.Debug|Any CPU.ActiveCfg = Debug|Any CPU
		{5b764a69-b03d-e413-0e86-bdad29ffdb8f}.Debug|Any CPU.Build.0 = Debug|Any CPU
		{5c62a173-1fca-37b2-1c7a-1b727b8a98d4}.Debug|Any CPU.ActiveCfg = Debug|Any CPU
		{5c62a173-1fca-37b2-1c7a-1b727b8a98d4}.Debug|Any CPU.Build.0 = Debug|Any CPU
		{71c3e263-292c-d7a9-889c-6adfc97d1c8a}.Debug|Any CPU.ActiveCfg = Debug|Any CPU
		{71c3e263-292c-d7a9-889c-6adfc97d1c8a}.Debug|Any CPU.Build.0 = Debug|Any CPU
		{17f68801-2071-5922-34a5-299a5eb0aaf5}.Debug|Any CPU.ActiveCfg = Debug|Any CPU
		{17f68801-2071-5922-34a5-299a5eb0aaf5}.Debug|Any CPU.Build.0 = Debug|Any CPU
		{b5082295-ecef-9278-c79f-07d2cc95f1bb}.Debug|Any CPU.ActiveCfg = Debug|Any CPU
		{b5082295-ecef-9278-c79f-07d2cc95f1bb}.Debug|Any CPU.Build.0 = Debug|Any CPU
		{2a49e8a1-68e1-d4f1-4b47-74d16a6a182f}.Debug|Any CPU.ActiveCfg = Debug|Any CPU
		{2a49e8a1-68e1-d4f1-4b47-74d16a6a182f}.Debug|Any CPU.Build.0 = Debug|Any CPU
		{b66bc01d-8532-5b3c-eecd-e6ad80b5cc35}.Debug|Any CPU.ActiveCfg = Debug|Any CPU
		{b66bc01d-8532-5b3c-eecd-e6ad80b5cc35}.Debug|Any CPU.Build.0 = Debug|Any CPU
		{69abcd43-c828-4d1f-d78a-d135a3a49069}.Debug|Any CPU.ActiveCfg = Debug|Any CPU
		{69abcd43-c828-4d1f-d78a-d135a3a49069}.Debug|Any CPU.Build.0 = Debug|Any CPU
		{6f2251bf-4ca6-584d-c654-6404ebb1cced}.Debug|Any CPU.ActiveCfg = Debug|Any CPU
		{6f2251bf-4ca6-584d-c654-6404ebb1cced}.Debug|Any CPU.Build.0 = Debug|Any CPU
		{8ea1c39f-06bb-7834-3de7-2f5ff46bcd19}.Debug|Any CPU.ActiveCfg = Debug|Any CPU
		{8ea1c39f-06bb-7834-3de7-2f5ff46bcd19}.Debug|Any CPU.Build.0 = Debug|Any CPU
		{310fdfbb-4208-aef4-72f4-8122c7aeefb5}.Debug|Any CPU.ActiveCfg = Debug|Any CPU
		{310fdfbb-4208-aef4-72f4-8122c7aeefb5}.Debug|Any CPU.Build.0 = Debug|Any CPU
		{171a50c3-2118-cd10-0b6e-efb836eeec65}.Debug|Any CPU.ActiveCfg = Debug|Any CPU
		{171a50c3-2118-cd10-0b6e-efb836eeec65}.Debug|Any CPU.Build.0 = Debug|Any CPU
		{042469a1-e374-6f96-5bd6-906b9900ab46}.Debug|Any CPU.ActiveCfg = Debug|Any CPU
		{042469a1-e374-6f96-5bd6-906b9900ab46}.Debug|Any CPU.Build.0 = Debug|Any CPU
		{37a26895-8ce1-dded-edfb-e2eb20c4ba7a}.Debug|Any CPU.ActiveCfg = Debug|Any CPU
		{37a26895-8ce1-dded-edfb-e2eb20c4ba7a}.Debug|Any CPU.Build.0 = Debug|Any CPU
		{01bfa023-b085-5b5a-4b7a-d21d1d55e277}.Debug|Any CPU.ActiveCfg = Debug|Any CPU
		{01bfa023-b085-5b5a-4b7a-d21d1d55e277}.Debug|Any CPU.Build.0 = Debug|Any CPU
		{521b121a-70fd-b3ea-1bd3-caf41656b432}.Debug|Any CPU.ActiveCfg = Debug|Any CPU
		{521b121a-70fd-b3ea-1bd3-caf41656b432}.Debug|Any CPU.Build.0 = Debug|Any CPU
		{8ba7ae83-a7b8-a4cc-f3a2-2d97288efcfe}.Debug|Any CPU.ActiveCfg = Debug|Any CPU
		{8ba7ae83-a7b8-a4cc-f3a2-2d97288efcfe}.Debug|Any CPU.Build.0 = Debug|Any CPU
		{e072a8ed-17cf-855a-55af-3aba95a4a2bc}.Debug|Any CPU.ActiveCfg = Debug|Any CPU
		{e072a8ed-17cf-855a-55af-3aba95a4a2bc}.Debug|Any CPU.Build.0 = Debug|Any CPU
		{cf940587-601d-e5c4-d59a-9ce78c251319}.Debug|Any CPU.ActiveCfg = Debug|Any CPU
		{cf940587-601d-e5c4-d59a-9ce78c251319}.Debug|Any CPU.Build.0 = Debug|Any CPU
		{61ffde69-c6f1-00e7-bafb-dd15bc6e03ca}.Debug|Any CPU.ActiveCfg = Debug|Any CPU
		{61ffde69-c6f1-00e7-bafb-dd15bc6e03ca}.Debug|Any CPU.Build.0 = Debug|Any CPU
		{a34fe99f-819a-1a7c-b2cc-33fb643f44f4}.Debug|Any CPU.ActiveCfg = Debug|Any CPU
		{a34fe99f-819a-1a7c-b2cc-33fb643f44f4}.Debug|Any CPU.Build.0 = Debug|Any CPU
		{acf5bed9-2235-2fae-eac3-f488a8950873}.Debug|Any CPU.ActiveCfg = Debug|Any CPU
		{acf5bed9-2235-2fae-eac3-f488a8950873}.Debug|Any CPU.Build.0 = Debug|Any CPU
		{93c2574c-9586-400e-542e-33db3c070da1}.Debug|Any CPU.ActiveCfg = Debug|Any CPU
		{93c2574c-9586-400e-542e-33db3c070da1}.Debug|Any CPU.Build.0 = Debug|Any CPU
		{9ae6c057-70c9-eed8-d4ff-b35bc1b04e73}.Debug|Any CPU.ActiveCfg = Debug|Any CPU
		{9ae6c057-70c9-eed8-d4ff-b35bc1b04e73}.Debug|Any CPU.Build.0 = Debug|Any CPU
	EndGlobalSection
	GlobalSection(SolutionProperties) = preSolution
		HideSolutionNode = FALSE
	EndGlobalSection
EndGlobal
